
Microsoft Visual Studio Solution File, Format Version 12.00
# Visual Studio Version 16
VisualStudioVersion = 16.0.29509.3
MinimumVisualStudioVersion = 10.0.40219.1
Project("{9A19103F-16F7-4668-BE54-9A1E7A4F7556}") = "BlogApp.WebUI", "BlogApp.WebUI\BlogApp.WebUI.csproj", "{EBC7BA37-812F-4900-8934-C058B58109CE}"
EndProject
Project("{FAE04EC0-301F-11D3-BF4B-00C04F79EFBC}") = "BlogApp.Entity", "BlogApp.Library\BlogApp.Entity.csproj", "{BA13182A-D8EB-4568-8058-8F75FAD58E86}"
EndProject
Project("{FAE04EC0-301F-11D3-BF4B-00C04F79EFBC}") = "BlogApp.Data", "BlogApp.Data\BlogApp.Data.csproj", "{17E50942-0800-462F-B99C-5D386EB1EDE9}"
EndProject
Global
	GlobalSection(SolutionConfigurationPlatforms) = preSolution
		Debug|Any CPU = Debug|Any CPU
		Release|Any CPU = Release|Any CPU
	EndGlobalSection
	GlobalSection(ProjectConfigurationPlatforms) = postSolution
		{EBC7BA37-812F-4900-8934-C058B58109CE}.Debug|Any CPU.ActiveCfg = Debug|Any CPU
		{EBC7BA37-812F-4900-8934-C058B58109CE}.Debug|Any CPU.Build.0 = Debug|Any CPU
		{EBC7BA37-812F-4900-8934-C058B58109CE}.Release|Any CPU.ActiveCfg = Release|Any CPU
		{EBC7BA37-812F-4900-8934-C058B58109CE}.Release|Any CPU.Build.0 = Release|Any CPU
		{BA13182A-D8EB-4568-8058-8F75FAD58E86}.Debug|Any CPU.ActiveCfg = Debug|Any CPU
		{BA13182A-D8EB-4568-8058-8F75FAD58E86}.Debug|Any CPU.Build.0 = Debug|Any CPU
		{BA13182A-D8EB-4568-8058-8F75FAD58E86}.Release|Any CPU.ActiveCfg = Release|Any CPU
		{BA13182A-D8EB-4568-8058-8F75FAD58E86}.Release|Any CPU.Build.0 = Release|Any CPU
		{17E50942-0800-462F-B99C-5D386EB1EDE9}.Debug|Any CPU.ActiveCfg = Debug|Any CPU
		{17E50942-0800-462F-B99C-5D386EB1EDE9}.Debug|Any CPU.Build.0 = Debug|Any CPU
		{17E50942-0800-462F-B99C-5D386EB1EDE9}.Release|Any CPU.ActiveCfg = Release|Any CPU
		{17E50942-0800-462F-B99C-5D386EB1EDE9}.Release|Any CPU.Build.0 = Release|Any CPU
	EndGlobalSection
	GlobalSection(SolutionProperties) = preSolution
		HideSolutionNode = FALSE
	EndGlobalSection
	GlobalSection(ExtensibilityGlobals) = postSolution
		SolutionGuid = {C9199886-3457-4FB4-AF70-E0844C77BA1B}
	EndGlobalSection
EndGlobal
